
Microsoft Visual Studio Solution File, Format Version 12.00
# Visual Studio 2013
VisualStudioVersion = 12.0.40629.0
MinimumVisualStudioVersion = 10.0.40219.1
Project("{FAE04EC0-301F-11D3-BF4B-00C04F79EFBC}") = "MIO_UI_Downloader", "MIO_UI_Downloader\MIO_UI_Downloader.csproj", "{EA1D14EB-AA31-425A-BF5C-81A8106D2DE7}"
EndProject
Global
	GlobalSection(SolutionConfigurationPlatforms) = preSolution
		Debug|Any CPU = Debug|Any CPU
		Release|Any CPU = Release|Any CPU
	EndGlobalSection
	GlobalSection(ProjectConfigurationPlatforms) = postSolution
		{EA1D14EB-AA31-425A-BF5C-81A8106D2DE7}.Debug|Any CPU.ActiveCfg = Debug|Any CPU
		{EA1D14EB-AA31-425A-BF5C-81A8106D2DE7}.Debug|Any CPU.Build.0 = Debug|Any CPU
		{EA1D14EB-AA31-425A-BF5C-81A8106D2DE7}.Release|Any CPU.ActiveCfg = Release|Any CPU
		{EA1D14EB-AA31-425A-BF5C-81A8106D2DE7}.Release|Any CPU.Build.0 = Release|Any CPU
	EndGlobalSection
	GlobalSection(SolutionProperties) = preSolution
		HideSolutionNode = FALSE
	EndGlobalSection
EndGlobal
